
Microsoft Visual Studio Solution File, Format Version 12.00
# Visual Studio 15
Project("{FAE04EC0-301F-11D3-BF4B-00C04F79EFBC}") = "MySubscriptions.Android", "MySubscriptions.Android\MySubscriptions.Android.csproj", "{76F08F5D-137E-4932-B6A5-16EA76EFFB5F}"
EndProject
Project("{FAE04EC0-301F-11D3-BF4B-00C04F79EFBC}") = "MySubscriptions.iOS", "MySubscriptions.iOS\MySubscriptions.iOS.csproj", "{40404AE8-046D-467A-90AA-DD945007FD91}"
EndProject
Project("{FAE04EC0-301F-11D3-BF4B-00C04F79EFBC}") = "MySubscriptions", "MySubscriptions\MySubscriptions.csproj", "{B8AA7074-80F4-4353-93D4-89296C5404D4}"
EndProject
Global
	GlobalSection(SolutionConfigurationPlatforms) = preSolution
		Debug|Any CPU = Debug|Any CPU
		Release|Any CPU = Release|Any CPU
		Debug|iPhoneSimulator = Debug|iPhoneSimulator
		Release|iPhoneSimulator = Release|iPhoneSimulator
		Debug|iPhone = Debug|iPhone
		Release|iPhone = Release|iPhone
	EndGlobalSection
	GlobalSection(ProjectConfigurationPlatforms) = postSolution
		{76F08F5D-137E-4932-B6A5-16EA76EFFB5F}.Debug|Any CPU.ActiveCfg = Debug|Any CPU
		{76F08F5D-137E-4932-B6A5-16EA76EFFB5F}.Debug|Any CPU.Build.0 = Debug|Any CPU
		{76F08F5D-137E-4932-B6A5-16EA76EFFB5F}.Release|Any CPU.ActiveCfg = Release|Any CPU
		{76F08F5D-137E-4932-B6A5-16EA76EFFB5F}.Release|Any CPU.Build.0 = Release|Any CPU
		{76F08F5D-137E-4932-B6A5-16EA76EFFB5F}.Debug|iPhoneSimulator.ActiveCfg = Debug|Any CPU
		{76F08F5D-137E-4932-B6A5-16EA76EFFB5F}.Debug|iPhoneSimulator.Build.0 = Debug|Any CPU
		{76F08F5D-137E-4932-B6A5-16EA76EFFB5F}.Release|iPhoneSimulator.ActiveCfg = Release|Any CPU
		{76F08F5D-137E-4932-B6A5-16EA76EFFB5F}.Release|iPhoneSimulator.Build.0 = Release|Any CPU
		{76F08F5D-137E-4932-B6A5-16EA76EFFB5F}.Debug|iPhone.ActiveCfg = Debug|Any CPU
		{76F08F5D-137E-4932-B6A5-16EA76EFFB5F}.Debug|iPhone.Build.0 = Debug|Any CPU
		{76F08F5D-137E-4932-B6A5-16EA76EFFB5F}.Release|iPhone.ActiveCfg = Release|Any CPU
		{76F08F5D-137E-4932-B6A5-16EA76EFFB5F}.Release|iPhone.Build.0 = Release|Any CPU
		{40404AE8-046D-467A-90AA-DD945007FD91}.Debug|Any CPU.ActiveCfg = Debug|iPhoneSimulator
		{40404AE8-046D-467A-90AA-DD945007FD91}.Debug|Any CPU.Build.0 = Debug|iPhoneSimulator
		{40404AE8-046D-467A-90AA-DD945007FD91}.Release|Any CPU.ActiveCfg = Release|iPhoneSimulator
		{40404AE8-046D-467A-90AA-DD945007FD91}.Release|Any CPU.Build.0 = Release|iPhoneSimulator
		{40404AE8-046D-467A-90AA-DD945007FD91}.Debug|iPhoneSimulator.ActiveCfg = Debug|iPhoneSimulator
		{40404AE8-046D-467A-90AA-DD945007FD91}.Debug|iPhoneSimulator.Build.0 = Debug|iPhoneSimulator
		{40404AE8-046D-467A-90AA-DD945007FD91}.Release|iPhoneSimulator.ActiveCfg = Release|iPhoneSimulator
		{40404AE8-046D-467A-90AA-DD945007FD91}.Release|iPhoneSimulator.Build.0 = Release|iPhoneSimulator
		{40404AE8-046D-467A-90AA-DD945007FD91}.Debug|iPhone.ActiveCfg = Debug|iPhone
		{40404AE8-046D-467A-90AA-DD945007FD91}.Debug|iPhone.Build.0 = Debug|iPhone
		{40404AE8-046D-467A-90AA-DD945007FD91}.Release|iPhone.ActiveCfg = Release|iPhone
		{40404AE8-046D-467A-90AA-DD945007FD91}.Release|iPhone.Build.0 = Release|iPhone
		{B8AA7074-80F4-4353-93D4-89296C5404D4}.Debug|Any CPU.ActiveCfg = Debug|Any CPU
		{B8AA7074-80F4-4353-93D4-89296C5404D4}.Debug|Any CPU.Build.0 = Debug|Any CPU
		{B8AA7074-80F4-4353-93D4-89296C5404D4}.Release|Any CPU.ActiveCfg = Release|Any CPU
		{B8AA7074-80F4-4353-93D4-89296C5404D4}.Release|Any CPU.Build.0 = Release|Any CPU
		{B8AA7074-80F4-4353-93D4-89296C5404D4}.Debug|iPhoneSimulator.ActiveCfg = Debug|Any CPU
		{B8AA7074-80F4-4353-93D4-89296C5404D4}.Debug|iPhoneSimulator.Build.0 = Debug|Any CPU
		{B8AA7074-80F4-4353-93D4-89296C5404D4}.Release|iPhoneSimulator.ActiveCfg = Release|Any CPU
		{B8AA7074-80F4-4353-93D4-89296C5404D4}.Release|iPhoneSimulator.Build.0 = Release|Any CPU
		{B8AA7074-80F4-4353-93D4-89296C5404D4}.Debug|iPhone.ActiveCfg = Debug|Any CPU
		{B8AA7074-80F4-4353-93D4-89296C5404D4}.Debug|iPhone.Build.0 = Debug|Any CPU
		{B8AA7074-80F4-4353-93D4-89296C5404D4}.Release|iPhone.ActiveCfg = Release|Any CPU
		{B8AA7074-80F4-4353-93D4-89296C5404D4}.Release|iPhone.Build.0 = Release|Any CPU
	EndGlobalSection
EndGlobal
